// !$*UTF8*$!
{
	archiveVersion = 1;
	classes = {
	};
	objectVersion = 55;
	objects = {

/* Begin PBXBuildFile section */
		D381020A272CF2CA003C7850 /* AppDelegate.swift in Sources */ = {isa = PBXBuildFile; fileRef = D3810209272CF2CA003C7850 /* AppDelegate.swift */; };
		D381020C272CF2CA003C7850 /* SceneDelegate.swift in Sources */ = {isa = PBXBuildFile; fileRef = D381020B272CF2CA003C7850 /* SceneDelegate.swift */; };
		D381020E272CF2CA003C7850 /* LoginController.swift in Sources */ = {isa = PBXBuildFile; fileRef = D381020D272CF2CA003C7850 /* LoginController.swift */; };
		D3810211272CF2CA003C7850 /* Auth.storyboard in Resources */ = {isa = PBXBuildFile; fileRef = D381020F272CF2CA003C7850 /* Auth.storyboard */; };
		D3810213272CF2CB003C7850 /* Assets.xcassets in Resources */ = {isa = PBXBuildFile; fileRef = D3810212272CF2CB003C7850 /* Assets.xcassets */; };
		D3810216272CF2CB003C7850 /* LaunchScreen.storyboard in Resources */ = {isa = PBXBuildFile; fileRef = D3810214272CF2CB003C7850 /* LaunchScreen.storyboard */; };
		D3810225272CF4E0003C7850 /* RegisterController.swift in Sources */ = {isa = PBXBuildFile; fileRef = D3810224272CF4E0003C7850 /* RegisterController.swift */; };
		D3810227272CFDD9003C7850 /* Anchor-Extension.swift.swift in Sources */ = {isa = PBXBuildFile; fileRef = D3810226272CFDD9003C7850 /* Anchor-Extension.swift.swift */; };
		D381022B272D0359003C7850 /* Views-Extension.swift.swift in Sources */ = {isa = PBXBuildFile; fileRef = D381022A272D0359003C7850 /* Views-Extension.swift.swift */; };
		D381022D272D06DC003C7850 /* LoginViewModel.swift.swift in Sources */ = {isa = PBXBuildFile; fileRef = D381022C272D06DC003C7850 /* LoginViewModel.swift.swift */; };
		D381022F272D06E6003C7850 /* RegisterViewModel.swift.swift in Sources */ = {isa = PBXBuildFile; fileRef = D381022E272D06E6003C7850 /* RegisterViewModel.swift.swift */; };
		D3810233272D0FFD003C7850 /* MainTab.storyboard in Resources */ = {isa = PBXBuildFile; fileRef = D3810232272D0FFD003C7850 /* MainTab.storyboard */; };
		D3810236272D106A003C7850 /* TimeLineController.swift in Sources */ = {isa = PBXBuildFile; fileRef = D3810235272D106A003C7850 /* TimeLineController.swift */; };
		D3810238272D1148003C7850 /* PostLetter.storyboard in Resources */ = {isa = PBXBuildFile; fileRef = D3810237272D1148003C7850 /* PostLetter.storyboard */; };
		D381023A272D115F003C7850 /* UserProfile.storyboard in Resources */ = {isa = PBXBuildFile; fileRef = D3810239272D115F003C7850 /* UserProfile.storyboard */; };
		D381023E272D11BE003C7850 /* PostLetterController.swift in Sources */ = {isa = PBXBuildFile; fileRef = D381023D272D11BE003C7850 /* PostLetterController.swift */; };
		D3810240272D11D4003C7850 /* UserProfileController.swift in Sources */ = {isa = PBXBuildFile; fileRef = D381023F272D11D4003C7850 /* UserProfileController.swift */; };
		D3810242272D1991003C7850 /* User.swift.swift in Sources */ = {isa = PBXBuildFile; fileRef = D3810241272D1991003C7850 /* User.swift.swift */; };
		D3810244272D1BE4003C7850 /* Letter.swift.swift in Sources */ = {isa = PBXBuildFile; fileRef = D3810243272D1BE4003C7850 /* Letter.swift.swift */; };
		D3B5F066272E86DD006F6881 /* ProfileOptionsCell.swift in Sources */ = {isa = PBXBuildFile; fileRef = D3B5F064272E86DD006F6881 /* ProfileOptionsCell.swift */; };
		D3B5F067272E86DD006F6881 /* ProfileOptionsCell.xib in Resources */ = {isa = PBXBuildFile; fileRef = D3B5F065272E86DD006F6881 /* ProfileOptionsCell.xib */; };
		D3B5F069272E876A006F6881 /* ProfileViewModel.swift in Sources */ = {isa = PBXBuildFile; fileRef = D3B5F068272E876A006F6881 /* ProfileViewModel.swift */; };
		D3B91B30272E6D5D0048FC75 /* ProfileHeader.xib in Resources */ = {isa = PBXBuildFile; fileRef = D3B91B2F272E6D5D0048FC75 /* ProfileHeader.xib */; };
		D3B91B32272E6D810048FC75 /* ProfileHeader.swift in Sources */ = {isa = PBXBuildFile; fileRef = D3B91B31272E6D810048FC75 /* ProfileHeader.swift */; };
		D3B91B35272E703A0048FC75 /* ProfileCell.swift in Sources */ = {isa = PBXBuildFile; fileRef = D3B91B33272E703A0048FC75 /* ProfileCell.swift */; };
		D3B91B36272E703A0048FC75 /* ProfileCell.xib in Resources */ = {isa = PBXBuildFile; fileRef = D3B91B34272E703A0048FC75 /* ProfileCell.xib */; };
		D3B91B39272E78B90048FC75 /* ProfileFilter.xib in Resources */ = {isa = PBXBuildFile; fileRef = D3B91B38272E78B90048FC75 /* ProfileFilter.xib */; };
		D3B91B3B272E78E10048FC75 /* ProfileFilter.swift.swift in Sources */ = {isa = PBXBuildFile; fileRef = D3B91B3A272E78E10048FC75 /* ProfileFilter.swift.swift */; };
/* End PBXBuildFile section */

/* Begin PBXFileReference section */
		D3810206272CF2CA003C7850 /* OkimochiApp.app */ = {isa = PBXFileReference; explicitFileType = wrapper.application; includeInIndex = 0; path = OkimochiApp.app; sourceTree = BUILT_PRODUCTS_DIR; };
		D3810209272CF2CA003C7850 /* AppDelegate.swift */ = {isa = PBXFileReference; lastKnownFileType = sourcecode.swift; path = AppDelegate.swift; sourceTree = "<group>"; };
		D381020B272CF2CA003C7850 /* SceneDelegate.swift */ = {isa = PBXFileReference; lastKnownFileType = sourcecode.swift; path = SceneDelegate.swift; sourceTree = "<group>"; };
		D381020D272CF2CA003C7850 /* LoginController.swift */ = {isa = PBXFileReference; lastKnownFileType = sourcecode.swift; path = LoginController.swift; sourceTree = "<group>"; };
		D3810210272CF2CA003C7850 /* Base */ = {isa = PBXFileReference; lastKnownFileType = file.storyboard; name = Base; path = Base.lproj/Auth.storyboard; sourceTree = "<group>"; };
		D3810212272CF2CB003C7850 /* Assets.xcassets */ = {isa = PBXFileReference; lastKnownFileType = folder.assetcatalog; path = Assets.xcassets; sourceTree = "<group>"; };
		D3810215272CF2CB003C7850 /* Base */ = {isa = PBXFileReference; lastKnownFileType = file.storyboard; name = Base; path = Base.lproj/LaunchScreen.storyboard; sourceTree = "<group>"; };
		D3810217272CF2CB003C7850 /* Info.plist */ = {isa = PBXFileReference; lastKnownFileType = text.plist.xml; path = Info.plist; sourceTree = "<group>"; };
		D3810224272CF4E0003C7850 /* RegisterController.swift */ = {isa = PBXFileReference; lastKnownFileType = sourcecode.swift; path = RegisterController.swift; sourceTree = "<group>"; };
		D3810226272CFDD9003C7850 /* Anchor-Extension.swift.swift */ = {isa = PBXFileReference; lastKnownFileType = sourcecode.swift; path = "Anchor-Extension.swift.swift"; sourceTree = "<group>"; };
		D381022A272D0359003C7850 /* Views-Extension.swift.swift */ = {isa = PBXFileReference; lastKnownFileType = sourcecode.swift; path = "Views-Extension.swift.swift"; sourceTree = "<group>"; };
		D381022C272D06DC003C7850 /* LoginViewModel.swift.swift */ = {isa = PBXFileReference; lastKnownFileType = sourcecode.swift; path = LoginViewModel.swift.swift; sourceTree = "<group>"; };
		D381022E272D06E6003C7850 /* RegisterViewModel.swift.swift */ = {isa = PBXFileReference; lastKnownFileType = sourcecode.swift; path = RegisterViewModel.swift.swift; sourceTree = "<group>"; };
		D3810232272D0FFD003C7850 /* MainTab.storyboard */ = {isa = PBXFileReference; lastKnownFileType = file.storyboard; path = MainTab.storyboard; sourceTree = "<group>"; };
		D3810235272D106A003C7850 /* TimeLineController.swift */ = {isa = PBXFileReference; lastKnownFileType = sourcecode.swift; path = TimeLineController.swift; sourceTree = "<group>"; };
		D3810237272D1148003C7850 /* PostLetter.storyboard */ = {isa = PBXFileReference; lastKnownFileType = file.storyboard; path = PostLetter.storyboard; sourceTree = "<group>"; };
		D3810239272D115F003C7850 /* UserProfile.storyboard */ = {isa = PBXFileReference; lastKnownFileType = file.storyboard; path = UserProfile.storyboard; sourceTree = "<group>"; };
		D381023D272D11BE003C7850 /* PostLetterController.swift */ = {isa = PBXFileReference; lastKnownFileType = sourcecode.swift; path = PostLetterController.swift; sourceTree = "<group>"; };
		D381023F272D11D4003C7850 /* UserProfileController.swift */ = {isa = PBXFileReference; lastKnownFileType = sourcecode.swift; path = UserProfileController.swift; sourceTree = "<group>"; };
		D3810241272D1991003C7850 /* User.swift.swift */ = {isa = PBXFileReference; lastKnownFileType = sourcecode.swift; path = User.swift.swift; sourceTree = "<group>"; };
		D3810243272D1BE4003C7850 /* Letter.swift.swift */ = {isa = PBXFileReference; lastKnownFileType = sourcecode.swift; path = Letter.swift.swift; sourceTree = "<group>"; };
		D3B5F064272E86DD006F6881 /* ProfileOptionsCell.swift */ = {isa = PBXFileReference; lastKnownFileType = sourcecode.swift; path = ProfileOptionsCell.swift; sourceTree = "<group>"; };
		D3B5F065272E86DD006F6881 /* ProfileOptionsCell.xib */ = {isa = PBXFileReference; lastKnownFileType = file.xib; path = ProfileOptionsCell.xib; sourceTree = "<group>"; };
		D3B5F068272E876A006F6881 /* ProfileViewModel.swift */ = {isa = PBXFileReference; lastKnownFileType = sourcecode.swift; path = ProfileViewModel.swift; sourceTree = "<group>"; };
		D3B91B2F272E6D5D0048FC75 /* ProfileHeader.xib */ = {isa = PBXFileReference; lastKnownFileType = file.xib; path = ProfileHeader.xib; sourceTree = "<group>"; };
		D3B91B31272E6D810048FC75 /* ProfileHeader.swift */ = {isa = PBXFileReference; lastKnownFileType = sourcecode.swift; path = ProfileHeader.swift; sourceTree = "<group>"; };
		D3B91B33272E703A0048FC75 /* ProfileCell.swift */ = {isa = PBXFileReference; lastKnownFileType = sourcecode.swift; path = ProfileCell.swift; sourceTree = "<group>"; };
		D3B91B34272E703A0048FC75 /* ProfileCell.xib */ = {isa = PBXFileReference; lastKnownFileType = file.xib; path = ProfileCell.xib; sourceTree = "<group>"; };
		D3B91B38272E78B90048FC75 /* ProfileFilter.xib */ = {isa = PBXFileReference; lastKnownFileType = file.xib; path = ProfileFilter.xib; sourceTree = "<group>"; };
		D3B91B3A272E78E10048FC75 /* ProfileFilter.swift.swift */ = {isa = PBXFileReference; lastKnownFileType = sourcecode.swift; path = ProfileFilter.swift.swift; sourceTree = "<group>"; };
/* End PBXFileReference section */

/* Begin PBXFrameworksBuildPhase section */
		D3810203272CF2CA003C7850 /* Frameworks */ = {
			isa = PBXFrameworksBuildPhase;
			buildActionMask = 2147483647;
			files = (
			);
			runOnlyForDeploymentPostprocessing = 0;
		};
/* End PBXFrameworksBuildPhase section */

/* Begin PBXGroup section */
		D38101FD272CF2CA003C7850 = {
			isa = PBXGroup;
			children = (
				D3810208272CF2CA003C7850 /* OkimochiApp */,
				D3810207272CF2CA003C7850 /* Products */,
			);
			sourceTree = "<group>";
		};
		D3810207272CF2CA003C7850 /* Products */ = {
			isa = PBXGroup;
			children = (
				D3810206272CF2CA003C7850 /* OkimochiApp.app */,
			);
			name = Products;
			sourceTree = "<group>";
		};
		D3810208272CF2CA003C7850 /* OkimochiApp */ = {
			isa = PBXGroup;
			children = (
				D3810222272CF300003C7850 /* Utility */,
				D3810221272CF2FC003C7850 /* API */,
				D3810220272CF2F6003C7850 /* Controller */,
				D381021F272CF2EF003C7850 /* ViewModel */,
				D381021E272CF2EA003C7850 /* Model */,
				D381021D272CF2E6003C7850 /* Views */,
				D3810209272CF2CA003C7850 /* AppDelegate.swift */,
				D381020B272CF2CA003C7850 /* SceneDelegate.swift */,
				D3810212272CF2CB003C7850 /* Assets.xcassets */,
				D3810214272CF2CB003C7850 /* LaunchScreen.storyboard */,
				D3810217272CF2CB003C7850 /* Info.plist */,
			);
			path = OkimochiApp;
			sourceTree = "<group>";
		};
		D381021D272CF2E6003C7850 /* Views */ = {
			isa = PBXGroup;
			children = (
				D3B5F063272E8072006F6881 /* Profile */,
				D3B91B2E272E6D000048FC75 /* xibs */,
			);
			path = Views;
			sourceTree = "<group>";
		};
		D381021E272CF2EA003C7850 /* Model */ = {
			isa = PBXGroup;
			children = (
				D3810241272D1991003C7850 /* User.swift.swift */,
				D3810243272D1BE4003C7850 /* Letter.swift.swift */,
			);
			path = Model;
			sourceTree = "<group>";
		};
		D381021F272CF2EF003C7850 /* ViewModel */ = {
			isa = PBXGroup;
			children = (
				D381022C272D06DC003C7850 /* LoginViewModel.swift.swift */,
				D381022E272D06E6003C7850 /* RegisterViewModel.swift.swift */,
				D3B5F068272E876A006F6881 /* ProfileViewModel.swift */,
			);
			path = ViewModel;
			sourceTree = "<group>";
		};
		D3810220272CF2F6003C7850 /* Controller */ = {
			isa = PBXGroup;
			children = (
				D381023C272D11A7003C7850 /* UserProfile */,
				D381023B272D119D003C7850 /* PostLetter */,
				D3810234272D104F003C7850 /* TimeLine */,
				D3810231272D0FB1003C7850 /* Authentication */,
				D3810230272D0F81003C7850 /* Storyboard */,
			);
			path = Controller;
			sourceTree = "<group>";
		};
		D3810221272CF2FC003C7850 /* API */ = {
			isa = PBXGroup;
			children = (
			);
			path = API;
			sourceTree = "<group>";
		};
		D3810222272CF300003C7850 /* Utility */ = {
			isa = PBXGroup;
			children = (
				D3810228272CFE03003C7850 /* Extension */,
			);
			path = Utility;
			sourceTree = "<group>";
		};
		D3810228272CFE03003C7850 /* Extension */ = {
			isa = PBXGroup;
			children = (
				D3810226272CFDD9003C7850 /* Anchor-Extension.swift.swift */,
				D381022A272D0359003C7850 /* Views-Extension.swift.swift */,
			);
			path = Extension;
			sourceTree = "<group>";
		};
		D3810230272D0F81003C7850 /* Storyboard */ = {
			isa = PBXGroup;
			children = (
				D381020F272CF2CA003C7850 /* Auth.storyboard */,
				D3810232272D0FFD003C7850 /* MainTab.storyboard */,
				D3810237272D1148003C7850 /* PostLetter.storyboard */,
				D3810239272D115F003C7850 /* UserProfile.storyboard */,
			);
			path = Storyboard;
			sourceTree = "<group>";
		};
		D3810231272D0FB1003C7850 /* Authentication */ = {
			isa = PBXGroup;
			children = (
				D381020D272CF2CA003C7850 /* LoginController.swift */,
				D3810224272CF4E0003C7850 /* RegisterController.swift */,
			);
			path = Authentication;
			sourceTree = "<group>";
		};
		D3810234272D104F003C7850 /* TimeLine */ = {
			isa = PBXGroup;
			children = (
				D3810235272D106A003C7850 /* TimeLineController.swift */,
			);
			path = TimeLine;
			sourceTree = "<group>";
		};
		D381023B272D119D003C7850 /* PostLetter */ = {
			isa = PBXGroup;
			children = (
				D381023D272D11BE003C7850 /* PostLetterController.swift */,
			);
			path = PostLetter;
			sourceTree = "<group>";
		};
		D381023C272D11A7003C7850 /* UserProfile */ = {
			isa = PBXGroup;
			children = (
				D381023F272D11D4003C7850 /* UserProfileController.swift */,
			);
			path = UserProfile;
			sourceTree = "<group>";
		};
		D3B5F063272E8072006F6881 /* Profile */ = {
			isa = PBXGroup;
			children = (
				D3B91B33272E703A0048FC75 /* ProfileCell.swift */,
				D3B91B3A272E78E10048FC75 /* ProfileFilter.swift.swift */,
				D3B91B31272E6D810048FC75 /* ProfileHeader.swift */,
				D3B5F064272E86DD006F6881 /* ProfileOptionsCell.swift */,
			);
			path = Profile;
			sourceTree = "<group>";
		};
		D3B91B2E272E6D000048FC75 /* xibs */ = {
			isa = PBXGroup;
			children = (
				D3B91B2F272E6D5D0048FC75 /* ProfileHeader.xib */,
				D3B91B34272E703A0048FC75 /* ProfileCell.xib */,
				D3B91B38272E78B90048FC75 /* ProfileFilter.xib */,
				D3B5F065272E86DD006F6881 /* ProfileOptionsCell.xib */,
			);
			path = xibs;
			sourceTree = "<group>";
		};
/* End PBXGroup section */

/* Begin PBXNativeTarget section */
		D3810205272CF2CA003C7850 /* OkimochiApp */ = {
			isa = PBXNativeTarget;
			buildConfigurationList = D381021A272CF2CB003C7850 /* Build configuration list for PBXNativeTarget "OkimochiApp" */;
			buildPhases = (
				D3810202272CF2CA003C7850 /* Sources */,
				D3810203272CF2CA003C7850 /* Frameworks */,
				D3810204272CF2CA003C7850 /* Resources */,
			);
			buildRules = (
			);
			dependencies = (
			);
			name = OkimochiApp;
			productName = OkimochiApp;
			productReference = D3810206272CF2CA003C7850 /* OkimochiApp.app */;
			productType = "com.apple.product-type.application";
		};
/* End PBXNativeTarget section */

/* Begin PBXProject section */
		D38101FE272CF2CA003C7850 /* Project object */ = {
			isa = PBXProject;
			attributes = {
				BuildIndependentTargetsInParallel = 1;
				LastSwiftUpdateCheck = 1310;
				LastUpgradeCheck = 1310;
				TargetAttributes = {
					D3810205272CF2CA003C7850 = {
						CreatedOnToolsVersion = 13.1;
					};
				};
			};
			buildConfigurationList = D3810201272CF2CA003C7850 /* Build configuration list for PBXProject "OkimochiApp" */;
			compatibilityVersion = "Xcode 13.0";
			developmentRegion = en;
			hasScannedForEncodings = 0;
			knownRegions = (
				en,
				Base,
			);
			mainGroup = D38101FD272CF2CA003C7850;
			productRefGroup = D3810207272CF2CA003C7850 /* Products */;
			projectDirPath = "";
			projectRoot = "";
			targets = (
				D3810205272CF2CA003C7850 /* OkimochiApp */,
			);
		};
/* End PBXProject section */

/* Begin PBXResourcesBuildPhase section */
		D3810204272CF2CA003C7850 /* Resources */ = {
			isa = PBXResourcesBuildPhase;
			buildActionMask = 2147483647;
			files = (
				D3B91B39272E78B90048FC75 /* ProfileFilter.xib in Resources */,
				D3810216272CF2CB003C7850 /* LaunchScreen.storyboard in Resources */,
				D3B5F067272E86DD006F6881 /* ProfileOptionsCell.xib in Resources */,
				D3B91B36272E703A0048FC75 /* ProfileCell.xib in Resources */,
				D3810233272D0FFD003C7850 /* MainTab.storyboard in Resources */,
				D3810213272CF2CB003C7850 /* Assets.xcassets in Resources */,
				D3B91B30272E6D5D0048FC75 /* ProfileHeader.xib in Resources */,
				D381023A272D115F003C7850 /* UserProfile.storyboard in Resources */,
				D3810238272D1148003C7850 /* PostLetter.storyboard in Resources */,
				D3810211272CF2CA003C7850 /* Auth.storyboard in Resources */,
			);
			runOnlyForDeploymentPostprocessing = 0;
		};
/* End PBXResourcesBuildPhase section */

/* Begin PBXSourcesBuildPhase section */
		D3810202272CF2CA003C7850 /* Sources */ = {
			isa = PBXSourcesBuildPhase;
			buildActionMask = 2147483647;
			files = (
				D3810225272CF4E0003C7850 /* RegisterController.swift in Sources */,
				D381022B272D0359003C7850 /* Views-Extension.swift.swift in Sources */,
				D381020E272CF2CA003C7850 /* LoginController.swift in Sources */,
				D381020A272CF2CA003C7850 /* AppDelegate.swift in Sources */,
				D3810236272D106A003C7850 /* TimeLineController.swift in Sources */,
				D3810240272D11D4003C7850 /* UserProfileController.swift in Sources */,
				D3B91B3B272E78E10048FC75 /* ProfileFilter.swift.swift in Sources */,
				D381022F272D06E6003C7850 /* RegisterViewModel.swift.swift in Sources */,
				D3B91B32272E6D810048FC75 /* ProfileHeader.swift in Sources */,
				D381020C272CF2CA003C7850 /* SceneDelegate.swift in Sources */,
				D3B91B35272E703A0048FC75 /* ProfileCell.swift in Sources */,
				D381023E272D11BE003C7850 /* PostLetterController.swift in Sources */,
				D3B5F069272E876A006F6881 /* ProfileViewModel.swift in Sources */,
				D3B5F066272E86DD006F6881 /* ProfileOptionsCell.swift in Sources */,
				D3810242272D1991003C7850 /* User.swift.swift in Sources */,
				D3810227272CFDD9003C7850 /* Anchor-Extension.swift.swift in Sources */,
				D381022D272D06DC003C7850 /* LoginViewModel.swift.swift in Sources */,
				D3810244272D1BE4003C7850 /* Letter.swift.swift in Sources */,
			);
			runOnlyForDeploymentPostprocessing = 0;
		};
/* End PBXSourcesBuildPhase section */

/* Begin PBXVariantGroup section */
		D381020F272CF2CA003C7850 /* Auth.storyboard */ = {
			isa = PBXVariantGroup;
			children = (
				D3810210272CF2CA003C7850 /* Base */,
			);
			name = Auth.storyboard;
			sourceTree = "<group>";
		};
		D3810214272CF2CB003C7850 /* LaunchScreen.storyboard */ = {
			isa = PBXVariantGroup;
			children = (
				D3810215272CF2CB003C7850 /* Base */,
			);
			name = LaunchScreen.storyboard;
			sourceTree = "<group>";
		};
/* End PBXVariantGroup section */

/* Begin XCBuildConfiguration section */
		D3810218272CF2CB003C7850 /* Debug */ = {
			isa = XCBuildConfiguration;
			buildSettings = {
				ALWAYS_SEARCH_USER_PATHS = NO;
				CLANG_ANALYZER_NONNULL = YES;
				CLANG_ANALYZER_NUMBER_OBJECT_CONVERSION = YES_AGGRESSIVE;
				CLANG_CXX_LANGUAGE_STANDARD = "gnu++17";
				CLANG_CXX_LIBRARY = "libc++";
				CLANG_ENABLE_MODULES = YES;
				CLANG_ENABLE_OBJC_ARC = YES;
				CLANG_ENABLE_OBJC_WEAK = YES;
				CLANG_WARN_BLOCK_CAPTURE_AUTORELEASING = YES;
				CLANG_WARN_BOOL_CONVERSION = YES;
				CLANG_WARN_COMMA = YES;
				CLANG_WARN_CONSTANT_CONVERSION = YES;
				CLANG_WARN_DEPRECATED_OBJC_IMPLEMENTATIONS = YES;
				CLANG_WARN_DIRECT_OBJC_ISA_USAGE = YES_ERROR;
				CLANG_WARN_DOCUMENTATION_COMMENTS = YES;
				CLANG_WARN_EMPTY_BODY = YES;
				CLANG_WARN_ENUM_CONVERSION = YES;
				CLANG_WARN_INFINITE_RECURSION = YES;
				CLANG_WARN_INT_CONVERSION = YES;
				CLANG_WARN_NON_LITERAL_NULL_CONVERSION = YES;
				CLANG_WARN_OBJC_IMPLICIT_RETAIN_SELF = YES;
				CLANG_WARN_OBJC_LITERAL_CONVERSION = YES;
				CLANG_WARN_OBJC_ROOT_CLASS = YES_ERROR;
				CLANG_WARN_QUOTED_INCLUDE_IN_FRAMEWORK_HEADER = YES;
				CLANG_WARN_RANGE_LOOP_ANALYSIS = YES;
				CLANG_WARN_STRICT_PROTOTYPES = YES;
				CLANG_WARN_SUSPICIOUS_MOVE = YES;
				CLANG_WARN_UNGUARDED_AVAILABILITY = YES_AGGRESSIVE;
				CLANG_WARN_UNREACHABLE_CODE = YES;
				CLANG_WARN__DUPLICATE_METHOD_MATCH = YES;
				COPY_PHASE_STRIP = NO;
				DEBUG_INFORMATION_FORMAT = dwarf;
				ENABLE_STRICT_OBJC_MSGSEND = YES;
				ENABLE_TESTABILITY = YES;
				GCC_C_LANGUAGE_STANDARD = gnu11;
				GCC_DYNAMIC_NO_PIC = NO;
				GCC_NO_COMMON_BLOCKS = YES;
				GCC_OPTIMIZATION_LEVEL = 0;
				GCC_PREPROCESSOR_DEFINITIONS = (
					"DEBUG=1",
					"$(inherited)",
				);
				GCC_WARN_64_TO_32_BIT_CONVERSION = YES;
				GCC_WARN_ABOUT_RETURN_TYPE = YES_ERROR;
				GCC_WARN_UNDECLARED_SELECTOR = YES;
				GCC_WARN_UNINITIALIZED_AUTOS = YES_AGGRESSIVE;
				GCC_WARN_UNUSED_FUNCTION = YES;
				GCC_WARN_UNUSED_VARIABLE = YES;
				IPHONEOS_DEPLOYMENT_TARGET = 15.0;
				MTL_ENABLE_DEBUG_INFO = INCLUDE_SOURCE;
				MTL_FAST_MATH = YES;
				ONLY_ACTIVE_ARCH = YES;
				SDKROOT = iphoneos;
				SWIFT_ACTIVE_COMPILATION_CONDITIONS = DEBUG;
				SWIFT_OPTIMIZATION_LEVEL = "-Onone";
			};
			name = Debug;
		};
		D3810219272CF2CB003C7850 /* Release */ = {
			isa = XCBuildConfiguration;
			buildSettings = {
				ALWAYS_SEARCH_USER_PATHS = NO;
				CLANG_ANALYZER_NONNULL = YES;
				CLANG_ANALYZER_NUMBER_OBJECT_CONVERSION = YES_AGGRESSIVE;
				CLANG_CXX_LANGUAGE_STANDARD = "gnu++17";
				CLANG_CXX_LIBRARY = "libc++";
				CLANG_ENABLE_MODULES = YES;
				CLANG_ENABLE_OBJC_ARC = YES;
				CLANG_ENABLE_OBJC_WEAK = YES;
				CLANG_WARN_BLOCK_CAPTURE_AUTORELEASING = YES;
				CLANG_WARN_BOOL_CONVERSION = YES;
				CLANG_WARN_COMMA = YES;
				CLANG_WARN_CONSTANT_CONVERSION = YES;
				CLANG_WARN_DEPRECATED_OBJC_IMPLEMENTATIONS = YES;
				CLANG_WARN_DIRECT_OBJC_ISA_USAGE = YES_ERROR;
				CLANG_WARN_DOCUMENTATION_COMMENTS = YES;
				CLANG_WARN_EMPTY_BODY = YES;
				CLANG_WARN_ENUM_CONVERSION = YES;
				CLANG_WARN_INFINITE_RECURSION = YES;
				CLANG_WARN_INT_CONVERSION = YES;
				CLANG_WARN_NON_LITERAL_NULL_CONVERSION = YES;
				CLANG_WARN_OBJC_IMPLICIT_RETAIN_SELF = YES;
				CLANG_WARN_OBJC_LITERAL_CONVERSION = YES;
				CLANG_WARN_OBJC_ROOT_CLASS = YES_ERROR;
				CLANG_WARN_QUOTED_INCLUDE_IN_FRAMEWORK_HEADER = YES;
				CLANG_WARN_RANGE_LOOP_ANALYSIS = YES;
				CLANG_WARN_STRICT_PROTOTYPES = YES;
				CLANG_WARN_SUSPICIOUS_MOVE = YES;
				CLANG_WARN_UNGUARDED_AVAILABILITY = YES_AGGRESSIVE;
				CLANG_WARN_UNREACHABLE_CODE = YES;
				CLANG_WARN__DUPLICATE_METHOD_MATCH = YES;
				COPY_PHASE_STRIP = NO;
				DEBUG_INFORMATION_FORMAT = "dwarf-with-dsym";
				ENABLE_NS_ASSERTIONS = NO;
				ENABLE_STRICT_OBJC_MSGSEND = YES;
				GCC_C_LANGUAGE_STANDARD = gnu11;
				GCC_NO_COMMON_BLOCKS = YES;
				GCC_WARN_64_TO_32_BIT_CONVERSION = YES;
				GCC_WARN_ABOUT_RETURN_TYPE = YES_ERROR;
				GCC_WARN_UNDECLARED_SELECTOR = YES;
				GCC_WARN_UNINITIALIZED_AUTOS = YES_AGGRESSIVE;
				GCC_WARN_UNUSED_FUNCTION = YES;
				GCC_WARN_UNUSED_VARIABLE = YES;
				IPHONEOS_DEPLOYMENT_TARGET = 15.0;
				MTL_ENABLE_DEBUG_INFO = NO;
				MTL_FAST_MATH = YES;
				SDKROOT = iphoneos;
				SWIFT_COMPILATION_MODE = wholemodule;
				SWIFT_OPTIMIZATION_LEVEL = "-O";
				VALIDATE_PRODUCT = YES;
			};
			name = Release;
		};
		D381021B272CF2CB003C7850 /* Debug */ = {
			isa = XCBuildConfiguration;
			buildSettings = {
				ASSETCATALOG_COMPILER_APPICON_NAME = AppIcon;
				ASSETCATALOG_COMPILER_GLOBAL_ACCENT_COLOR_NAME = AccentColor;
				CODE_SIGN_STYLE = Automatic;
				CURRENT_PROJECT_VERSION = 1;
				DEVELOPMENT_TEAM = LSUSGUW6L4;
				GENERATE_INFOPLIST_FILE = YES;
				INFOPLIST_FILE = OkimochiApp/Info.plist;
				INFOPLIST_KEY_UIApplicationSupportsIndirectInputEvents = YES;
				INFOPLIST_KEY_UILaunchStoryboardName = LaunchScreen;
				INFOPLIST_KEY_UIMainStoryboardFile = MainTab;
				INFOPLIST_KEY_UISupportedInterfaceOrientations_iPad = "UIInterfaceOrientationPortrait UIInterfaceOrientationPortraitUpsideDown UIInterfaceOrientationLandscapeLeft UIInterfaceOrientationLandscapeRight";
				INFOPLIST_KEY_UISupportedInterfaceOrientations_iPhone = "UIInterfaceOrientationPortrait UIInterfaceOrientationLandscapeLeft UIInterfaceOrientationLandscapeRight";
				LD_RUNPATH_SEARCH_PATHS = (
					"$(inherited)",
					"@executable_path/Frameworks",
				);
				MARKETING_VERSION = 1.0;
				PRODUCT_BUNDLE_IDENTIFIER = com.mizuki.OkimochiApp;
				PRODUCT_NAME = "$(TARGET_NAME)";
				SWIFT_EMIT_LOC_STRINGS = YES;
				SWIFT_VERSION = 5.0;
				TARGETED_DEVICE_FAMILY = "1,2";
			};
			name = Debug;
		};
		D381021C272CF2CB003C7850 /* Release */ = {
			isa = XCBuildConfiguration;
			buildSettings = {
				ASSETCATALOG_COMPILER_APPICON_NAME = AppIcon;
				ASSETCATALOG_COMPILER_GLOBAL_ACCENT_COLOR_NAME = AccentColor;
				CODE_SIGN_STYLE = Automatic;
				CURRENT_PROJECT_VERSION = 1;
				DEVELOPMENT_TEAM = LSUSGUW6L4;
				GENERATE_INFOPLIST_FILE = YES;
				INFOPLIST_FILE = OkimochiApp/Info.plist;
				INFOPLIST_KEY_UIApplicationSupportsIndirectInputEvents = YES;
				INFOPLIST_KEY_UILaunchStoryboardName = LaunchScreen;
				INFOPLIST_KEY_UIMainStoryboardFile = MainTab;
				INFOPLIST_KEY_UISupportedInterfaceOrientations_iPad = "UIInterfaceOrientationPortrait UIInterfaceOrientationPortraitUpsideDown UIInterfaceOrientationLandscapeLeft UIInterfaceOrientationLandscapeRight";
				INFOPLIST_KEY_UISupportedInterfaceOrientations_iPhone = "UIInterfaceOrientationPortrait UIInterfaceOrientationLandscapeLeft UIInterfaceOrientationLandscapeRight";
				LD_RUNPATH_SEARCH_PATHS = (
					"$(inherited)",
					"@executable_path/Frameworks",
				);
				MARKETING_VERSION = 1.0;
				PRODUCT_BUNDLE_IDENTIFIER = com.mizuki.OkimochiApp;
				PRODUCT_NAME = "$(TARGET_NAME)";
				SWIFT_EMIT_LOC_STRINGS = YES;
				SWIFT_VERSION = 5.0;
				TARGETED_DEVICE_FAMILY = "1,2";
			};
			name = Release;
		};
/* End XCBuildConfiguration section */

/* Begin XCConfigurationList section */
		D3810201272CF2CA003C7850 /* Build configuration list for PBXProject "OkimochiApp" */ = {
			isa = XCConfigurationList;
			buildConfigurations = (
				D3810218272CF2CB003C7850 /* Debug */,
				D3810219272CF2CB003C7850 /* Release */,
			);
			defaultConfigurationIsVisible = 0;
			defaultConfigurationName = Release;
		};
		D381021A272CF2CB003C7850 /* Build configuration list for PBXNativeTarget "OkimochiApp" */ = {
			isa = XCConfigurationList;
			buildConfigurations = (
				D381021B272CF2CB003C7850 /* Debug */,
				D381021C272CF2CB003C7850 /* Release */,
			);
			defaultConfigurationIsVisible = 0;
			defaultConfigurationName = Release;
		};
/* End XCConfigurationList section */
	};
	rootObject = D38101FE272CF2CA003C7850 /* Project object */;
}
